
Microsoft Visual Studio Solution File, Format Version 12.00
# Visual Studio Version 17
VisualStudioVersion = 17.3.32825.248
MinimumVisualStudioVersion = 10.0.40219.1
Project("{FAE04EC0-301F-11D3-BF4B-00C04F79EFBC}") = "DigitalSignatureMaster", "DigitalSignatureMaster\DigitalSignatureMaster.csproj", "{D08EA886-6729-445A-BE42-C420517DE42D}"
EndProject
Global
	GlobalSection(SolutionConfigurationPlatforms) = preSolution
		Debug|Any CPU = Debug|Any CPU
		Release|Any CPU = Release|Any CPU
	EndGlobalSection
	GlobalSection(ProjectConfigurationPlatforms) = postSolution
		{D08EA886-6729-445A-BE42-C420517DE42D}.Debug|Any CPU.ActiveCfg = Debug|Any CPU
		{D08EA886-6729-445A-BE42-C420517DE42D}.Debug|Any CPU.Build.0 = Debug|Any CPU
		{D08EA886-6729-445A-BE42-C420517DE42D}.Release|Any CPU.ActiveCfg = Release|Any CPU
		{D08EA886-6729-445A-BE42-C420517DE42D}.Release|Any CPU.Build.0 = Release|Any CPU
	EndGlobalSection
	GlobalSection(SolutionProperties) = preSolution
		HideSolutionNode = FALSE
	EndGlobalSection
	GlobalSection(ExtensibilityGlobals) = postSolution
		SolutionGuid = {445AED2C-966C-43EE-919E-B5D67932919D}
	EndGlobalSection
EndGlobal
